
Microsoft Visual Studio Solution File, Format Version 12.00
# Visual Studio Version 17
VisualStudioVersion = 17.2.32630.192
MinimumVisualStudioVersion = 10.0.40219.1
Project("{9A19103F-16F7-4668-BE54-9A1E7A4F7556}") = "AdventOfCode", "AdventOfCode\AdventOfCode.csproj", "{4363DB14-593E-499D-A4D8-CFF4AD526937}"
EndProject
Project("{9A19103F-16F7-4668-BE54-9A1E7A4F7556}") = "2021", "2021\2021.csproj", "{895879DE-2B27-4E6E-972E-23F49C609CD0}"
EndProject
Project("{9A19103F-16F7-4668-BE54-9A1E7A4F7556}") = "2022", "2022\2022.csproj", "{69614553-5307-4CED-9B8A-31C988829294}"
EndProject
Project("{9A19103F-16F7-4668-BE54-9A1E7A4F7556}") = "2015", "2015\2015.csproj", "{EE25DF00-964F-46B3-9FEE-2A771E3A6EF0}"
EndProject
Project("{9A19103F-16F7-4668-BE54-9A1E7A4F7556}") = "2018", "2018\2018.csproj", "{01CC06C2-3AFF-49AD-8E9A-970794E8E8B8}"
EndProject
Project("{9A19103F-16F7-4668-BE54-9A1E7A4F7556}") = "2019", "2019\2019.csproj", "{303F0EA9-8874-4600-8208-B2943F6B6B17}"
EndProject
Project("{9A19103F-16F7-4668-BE54-9A1E7A4F7556}") = "AdventTests", "AdventTests\AdventTests.csproj", "{28CF8141-89AD-4DEB-9A4E-9129FC30982E}"
EndProject
Global
	GlobalSection(SolutionConfigurationPlatforms) = preSolution
		Debug|Any CPU = Debug|Any CPU
		Debug|ARM64 = Debug|ARM64
		Debug|x64 = Debug|x64
		Release|Any CPU = Release|Any CPU
		Release|ARM64 = Release|ARM64
		Release|x64 = Release|x64
	EndGlobalSection
	GlobalSection(ProjectConfigurationPlatforms) = postSolution
		{4363DB14-593E-499D-A4D8-CFF4AD526937}.Debug|Any CPU.ActiveCfg = Debug|Any CPU
		{4363DB14-593E-499D-A4D8-CFF4AD526937}.Debug|Any CPU.Build.0 = Debug|Any CPU
		{4363DB14-593E-499D-A4D8-CFF4AD526937}.Debug|ARM64.ActiveCfg = Debug|ARM64
		{4363DB14-593E-499D-A4D8-CFF4AD526937}.Debug|ARM64.Build.0 = Debug|ARM64
		{4363DB14-593E-499D-A4D8-CFF4AD526937}.Debug|x64.ActiveCfg = Debug|x64
		{4363DB14-593E-499D-A4D8-CFF4AD526937}.Debug|x64.Build.0 = Debug|x64
		{4363DB14-593E-499D-A4D8-CFF4AD526937}.Release|Any CPU.ActiveCfg = Release|Any CPU
		{4363DB14-593E-499D-A4D8-CFF4AD526937}.Release|Any CPU.Build.0 = Release|Any CPU
		{4363DB14-593E-499D-A4D8-CFF4AD526937}.Release|ARM64.ActiveCfg = Release|ARM64
		{4363DB14-593E-499D-A4D8-CFF4AD526937}.Release|ARM64.Build.0 = Release|ARM64
		{4363DB14-593E-499D-A4D8-CFF4AD526937}.Release|x64.ActiveCfg = Release|x64
		{4363DB14-593E-499D-A4D8-CFF4AD526937}.Release|x64.Build.0 = Release|x64
		{895879DE-2B27-4E6E-972E-23F49C609CD0}.Debug|Any CPU.ActiveCfg = Debug|Any CPU
		{895879DE-2B27-4E6E-972E-23F49C609CD0}.Debug|Any CPU.Build.0 = Debug|Any CPU
		{895879DE-2B27-4E6E-972E-23F49C609CD0}.Debug|ARM64.ActiveCfg = Debug|ARM64
		{895879DE-2B27-4E6E-972E-23F49C609CD0}.Debug|ARM64.Build.0 = Debug|ARM64
		{895879DE-2B27-4E6E-972E-23F49C609CD0}.Debug|x64.ActiveCfg = Debug|x64
		{895879DE-2B27-4E6E-972E-23F49C609CD0}.Debug|x64.Build.0 = Debug|x64
		{895879DE-2B27-4E6E-972E-23F49C609CD0}.Release|Any CPU.ActiveCfg = Release|Any CPU
		{895879DE-2B27-4E6E-972E-23F49C609CD0}.Release|Any CPU.Build.0 = Release|Any CPU
		{895879DE-2B27-4E6E-972E-23F49C609CD0}.Release|ARM64.ActiveCfg = Release|ARM64
		{895879DE-2B27-4E6E-972E-23F49C609CD0}.Release|ARM64.Build.0 = Release|ARM64
		{895879DE-2B27-4E6E-972E-23F49C609CD0}.Release|x64.ActiveCfg = Release|x64
		{895879DE-2B27-4E6E-972E-23F49C609CD0}.Release|x64.Build.0 = Release|x64
		{69614553-5307-4CED-9B8A-31C988829294}.Debug|Any CPU.ActiveCfg = Debug|Any CPU
		{69614553-5307-4CED-9B8A-31C988829294}.Debug|Any CPU.Build.0 = Debug|Any CPU
		{69614553-5307-4CED-9B8A-31C988829294}.Debug|ARM64.ActiveCfg = Debug|ARM64
		{69614553-5307-4CED-9B8A-31C988829294}.Debug|ARM64.Build.0 = Debug|ARM64
		{69614553-5307-4CED-9B8A-31C988829294}.Debug|x64.ActiveCfg = Debug|x64
		{69614553-5307-4CED-9B8A-31C988829294}.Debug|x64.Build.0 = Debug|x64
		{69614553-5307-4CED-9B8A-31C988829294}.Release|Any CPU.ActiveCfg = Release|Any CPU
		{69614553-5307-4CED-9B8A-31C988829294}.Release|Any CPU.Build.0 = Release|Any CPU
		{69614553-5307-4CED-9B8A-31C988829294}.Release|ARM64.ActiveCfg = Release|ARM64
		{69614553-5307-4CED-9B8A-31C988829294}.Release|ARM64.Build.0 = Release|ARM64
		{69614553-5307-4CED-9B8A-31C988829294}.Release|x64.ActiveCfg = Release|x64
		{69614553-5307-4CED-9B8A-31C988829294}.Release|x64.Build.0 = Release|x64
		{EE25DF00-964F-46B3-9FEE-2A771E3A6EF0}.Debug|Any CPU.ActiveCfg = Debug|Any CPU
		{EE25DF00-964F-46B3-9FEE-2A771E3A6EF0}.Debug|Any CPU.Build.0 = Debug|Any CPU
		{EE25DF00-964F-46B3-9FEE-2A771E3A6EF0}.Debug|ARM64.ActiveCfg = Debug|ARM64
		{EE25DF00-964F-46B3-9FEE-2A771E3A6EF0}.Debug|ARM64.Build.0 = Debug|ARM64
		{EE25DF00-964F-46B3-9FEE-2A771E3A6EF0}.Debug|x64.ActiveCfg = Debug|x64
		{EE25DF00-964F-46B3-9FEE-2A771E3A6EF0}.Debug|x64.Build.0 = Debug|x64
		{EE25DF00-964F-46B3-9FEE-2A771E3A6EF0}.Release|Any CPU.ActiveCfg = Release|Any CPU
		{EE25DF00-964F-46B3-9FEE-2A771E3A6EF0}.Release|Any CPU.Build.0 = Release|Any CPU
		{EE25DF00-964F-46B3-9FEE-2A771E3A6EF0}.Release|ARM64.ActiveCfg = Release|ARM64
		{EE25DF00-964F-46B3-9FEE-2A771E3A6EF0}.Release|ARM64.Build.0 = Release|ARM64
		{EE25DF00-964F-46B3-9FEE-2A771E3A6EF0}.Release|x64.ActiveCfg = Release|x64
		{EE25DF00-964F-46B3-9FEE-2A771E3A6EF0}.Release|x64.Build.0 = Release|x64
		{01CC06C2-3AFF-49AD-8E9A-970794E8E8B8}.Debug|Any CPU.ActiveCfg = Debug|Any CPU
		{01CC06C2-3AFF-49AD-8E9A-970794E8E8B8}.Debug|Any CPU.Build.0 = Debug|Any CPU
		{01CC06C2-3AFF-49AD-8E9A-970794E8E8B8}.Debug|ARM64.ActiveCfg = Debug|ARM64
		{01CC06C2-3AFF-49AD-8E9A-970794E8E8B8}.Debug|ARM64.Build.0 = Debug|ARM64
		{01CC06C2-3AFF-49AD-8E9A-970794E8E8B8}.Debug|x64.ActiveCfg = Debug|x64
		{01CC06C2-3AFF-49AD-8E9A-970794E8E8B8}.Debug|x64.Build.0 = Debug|x64
		{01CC06C2-3AFF-49AD-8E9A-970794E8E8B8}.Release|Any CPU.ActiveCfg = Release|Any CPU
		{01CC06C2-3AFF-49AD-8E9A-970794E8E8B8}.Release|Any CPU.Build.0 = Release|Any CPU
		{01CC06C2-3AFF-49AD-8E9A-970794E8E8B8}.Release|ARM64.ActiveCfg = Release|ARM64
		{01CC06C2-3AFF-49AD-8E9A-970794E8E8B8}.Release|ARM64.Build.0 = Release|ARM64
		{01CC06C2-3AFF-49AD-8E9A-970794E8E8B8}.Release|x64.ActiveCfg = Release|x64
		{01CC06C2-3AFF-49AD-8E9A-970794E8E8B8}.Release|x64.Build.0 = Release|x64
		{303F0EA9-8874-4600-8208-B2943F6B6B17}.Debug|Any CPU.ActiveCfg = Debug|Any CPU
		{303F0EA9-8874-4600-8208-B2943F6B6B17}.Debug|Any CPU.Build.0 = Debug|Any CPU
		{303F0EA9-8874-4600-8208-B2943F6B6B17}.Debug|ARM64.ActiveCfg = Debug|ARM64
		{303F0EA9-8874-4600-8208-B2943F6B6B17}.Debug|ARM64.Build.0 = Debug|ARM64
		{303F0EA9-8874-4600-8208-B2943F6B6B17}.Debug|x64.ActiveCfg = Debug|x64
		{303F0EA9-8874-4600-8208-B2943F6B6B17}.Debug|x64.Build.0 = Debug|x64
		{303F0EA9-8874-4600-8208-B2943F6B6B17}.Release|Any CPU.ActiveCfg = Release|Any CPU
		{303F0EA9-8874-4600-8208-B2943F6B6B17}.Release|Any CPU.Build.0 = Release|Any CPU
		{303F0EA9-8874-4600-8208-B2943F6B6B17}.Release|ARM64.ActiveCfg = Release|ARM64
		{303F0EA9-8874-4600-8208-B2943F6B6B17}.Release|ARM64.Build.0 = Release|ARM64
		{303F0EA9-8874-4600-8208-B2943F6B6B17}.Release|x64.ActiveCfg = Release|x64
		{303F0EA9-8874-4600-8208-B2943F6B6B17}.Release|x64.Build.0 = Release|x64
		{28CF8141-89AD-4DEB-9A4E-9129FC30982E}.Debug|Any CPU.ActiveCfg = Debug|Any CPU
		{28CF8141-89AD-4DEB-9A4E-9129FC30982E}.Debug|Any CPU.Build.0 = Debug|Any CPU
		{28CF8141-89AD-4DEB-9A4E-9129FC30982E}.Debug|ARM64.ActiveCfg = Debug|ARM64
		{28CF8141-89AD-4DEB-9A4E-9129FC30982E}.Debug|ARM64.Build.0 = Debug|ARM64
		{28CF8141-89AD-4DEB-9A4E-9129FC30982E}.Debug|x64.ActiveCfg = Debug|x64
		{28CF8141-89AD-4DEB-9A4E-9129FC30982E}.Debug|x64.Build.0 = Debug|x64
		{28CF8141-89AD-4DEB-9A4E-9129FC30982E}.Release|Any CPU.ActiveCfg = Release|Any CPU
		{28CF8141-89AD-4DEB-9A4E-9129FC30982E}.Release|Any CPU.Build.0 = Release|Any CPU
		{28CF8141-89AD-4DEB-9A4E-9129FC30982E}.Release|ARM64.ActiveCfg = Release|ARM64
		{28CF8141-89AD-4DEB-9A4E-9129FC30982E}.Release|ARM64.Build.0 = Release|ARM64
		{28CF8141-89AD-4DEB-9A4E-9129FC30982E}.Release|x64.ActiveCfg = Release|x64
		{28CF8141-89AD-4DEB-9A4E-9129FC30982E}.Release|x64.Build.0 = Release|x64
	EndGlobalSection
	GlobalSection(SolutionProperties) = preSolution
		HideSolutionNode = FALSE
	EndGlobalSection
	GlobalSection(ExtensibilityGlobals) = postSolution
		SolutionGuid = {0A0CD80F-BC0A-4787-887C-B49B1FC184FC}
	EndGlobalSection
EndGlobal
