
Microsoft Visual Studio Solution File, Format Version 12.00
# Visual Studio 15
VisualStudioVersion = 15.0.27703.2035
MinimumVisualStudioVersion = 10.0.40219.1
Project("{FAE04EC0-301F-11D3-BF4B-00C04F79EFBC}") = "AdventofCode", "AdventofCode\AdventofCode.csproj", "{1418C0EB-0941-4183-BDCE-615634D9707A}"
EndProject
Global
	GlobalSection(SolutionConfigurationPlatforms) = preSolution
		Debug|Any CPU = Debug|Any CPU
		Release|Any CPU = Release|Any CPU
	EndGlobalSection
	GlobalSection(ProjectConfigurationPlatforms) = postSolution
		{1418C0EB-0941-4183-BDCE-615634D9707A}.Debug|Any CPU.ActiveCfg = Debug|Any CPU
		{1418C0EB-0941-4183-BDCE-615634D9707A}.Debug|Any CPU.Build.0 = Debug|Any CPU
		{1418C0EB-0941-4183-BDCE-615634D9707A}.Release|Any CPU.ActiveCfg = Release|Any CPU
		{1418C0EB-0941-4183-BDCE-615634D9707A}.Release|Any CPU.Build.0 = Release|Any CPU
	EndGlobalSection
	GlobalSection(SolutionProperties) = preSolution
		HideSolutionNode = FALSE
	EndGlobalSection
	GlobalSection(ExtensibilityGlobals) = postSolution
		SolutionGuid = {9D8D7ED1-D128-4182-B1E7-208C73AA7B11}
	EndGlobalSection
EndGlobal
